
Microsoft Visual Studio Solution File, Format Version 12.00
# Visual Studio Version 17
VisualStudioVersion = 17.14.36414.22 d17.14
MinimumVisualStudioVersion = 10.0.40219.1
Project("{FAE04EC0-301F-11D3-BF4B-00C04F79EFBC}") = "Bertrand Sam - GAME 10003-02 - Text Game Assignment - Goblin Game", "Bertrand Sam - GAME 10003-02 - Text Game Assignment - Goblin Game.csproj", "{F9C34D4D-D9CC-433D-B40E-B778CF5A8165}"
EndProject
Global
	GlobalSection(SolutionConfigurationPlatforms) = preSolution
		Debug|Any CPU = Debug|Any CPU
		Release|Any CPU = Release|Any CPU
	EndGlobalSection
	GlobalSection(ProjectConfigurationPlatforms) = postSolution
		{F9C34D4D-D9CC-433D-B40E-B778CF5A8165}.Debug|Any CPU.ActiveCfg = Debug|Any CPU
		{F9C34D4D-D9CC-433D-B40E-B778CF5A8165}.Debug|Any CPU.Build.0 = Debug|Any CPU
		{F9C34D4D-D9CC-433D-B40E-B778CF5A8165}.Release|Any CPU.ActiveCfg = Release|Any CPU
		{F9C34D4D-D9CC-433D-B40E-B778CF5A8165}.Release|Any CPU.Build.0 = Release|Any CPU
	EndGlobalSection
	GlobalSection(SolutionProperties) = preSolution
		HideSolutionNode = FALSE
	EndGlobalSection
	GlobalSection(ExtensibilityGlobals) = postSolution
		SolutionGuid = {84169ABC-79D4-4762-ACBF-1D69CA7D17D5}
	EndGlobalSection
EndGlobal
