
Microsoft Visual Studio Solution File, Format Version 12.00
# Visual Studio Version 17
VisualStudioVersion = 17.14.36414.22 d17.14
MinimumVisualStudioVersion = 10.0.40219.1
Project("{FAE04EC0-301F-11D3-BF4B-00C04F79EFBC}") = "game-10003-git-excercise", "game-10003-git-excercise.csproj", "{0832D887-9E74-4BCD-BE55-09F10CB3C5D1}"
EndProject
Global
	GlobalSection(SolutionConfigurationPlatforms) = preSolution
		Debug|Any CPU = Debug|Any CPU
		Release|Any CPU = Release|Any CPU
	EndGlobalSection
	GlobalSection(ProjectConfigurationPlatforms) = postSolution
		{0832D887-9E74-4BCD-BE55-09F10CB3C5D1}.Debug|Any CPU.ActiveCfg = Debug|Any CPU
		{0832D887-9E74-4BCD-BE55-09F10CB3C5D1}.Debug|Any CPU.Build.0 = Debug|Any CPU
		{0832D887-9E74-4BCD-BE55-09F10CB3C5D1}.Release|Any CPU.ActiveCfg = Release|Any CPU
		{0832D887-9E74-4BCD-BE55-09F10CB3C5D1}.Release|Any CPU.Build.0 = Release|Any CPU
	EndGlobalSection
	GlobalSection(SolutionProperties) = preSolution
		HideSolutionNode = FALSE
	EndGlobalSection
	GlobalSection(ExtensibilityGlobals) = postSolution
		SolutionGuid = {342DD9A9-9BAA-401A-8595-61D810BAC48A}
	EndGlobalSection
EndGlobal
