
Microsoft Visual Studio Solution File, Format Version 12.00
# Visual Studio Version 17
VisualStudioVersion = 17.14.36414.22 d17.14
MinimumVisualStudioVersion = 10.0.40219.1
Project("{FAE04EC0-301F-11D3-BF4B-00C04F79EFBC}") = "Fork-in-the-Road", "Fork-in-the-Road.csproj", "{877C8D24-9646-46E3-A107-0DB09D6C37DA}"
EndProject
Global
	GlobalSection(SolutionConfigurationPlatforms) = preSolution
		Debug|Any CPU = Debug|Any CPU
		Release|Any CPU = Release|Any CPU
	EndGlobalSection
	GlobalSection(ProjectConfigurationPlatforms) = postSolution
		{877C8D24-9646-46E3-A107-0DB09D6C37DA}.Debug|Any CPU.ActiveCfg = Debug|Any CPU
		{877C8D24-9646-46E3-A107-0DB09D6C37DA}.Debug|Any CPU.Build.0 = Debug|Any CPU
		{877C8D24-9646-46E3-A107-0DB09D6C37DA}.Release|Any CPU.ActiveCfg = Release|Any CPU
		{877C8D24-9646-46E3-A107-0DB09D6C37DA}.Release|Any CPU.Build.0 = Release|Any CPU
	EndGlobalSection
	GlobalSection(SolutionProperties) = preSolution
		HideSolutionNode = FALSE
	EndGlobalSection
	GlobalSection(ExtensibilityGlobals) = postSolution
		SolutionGuid = {F7F06A2F-AEA4-470A-9DDE-419D8020F8F4}
	EndGlobalSection
EndGlobal
